// !$*UTF8*$!
{
	archiveVersion = 1;
	classes = {
	};
	objectVersion = 50;
	objects = {

/* Begin PBXBuildFile section */
		2277A77021C87EB800C77E5D /* AppDelegate.m in Sources */ = {isa = PBXBuildFile; fileRef = 2277A76F21C87EB800C77E5D /* AppDelegate.m */; };
		2277A77321C87EB800C77E5D /* Document.m in Sources */ = {isa = PBXBuildFile; fileRef = 2277A77221C87EB800C77E5D /* Document.m */; };
		2277A77621C87EB800C77E5D /* Document.xib in Resources */ = {isa = PBXBuildFile; fileRef = 2277A77421C87EB800C77E5D /* Document.xib */; };
		2277A77921C87EB800C77E5D /* Document.xcdatamodeld in Sources */ = {isa = PBXBuildFile; fileRef = 2277A77721C87EB800C77E5D /* Document.xcdatamodeld */; };
		2277A77B21C87EB900C77E5D /* Assets.xcassets in Resources */ = {isa = PBXBuildFile; fileRef = 2277A77A21C87EB900C77E5D /* Assets.xcassets */; };
		2277A77E21C87EB900C77E5D /* MainMenu.xib in Resources */ = {isa = PBXBuildFile; fileRef = 2277A77C21C87EB900C77E5D /* MainMenu.xib */; };
		2277A78121C87EB900C77E5D /* main.m in Sources */ = {isa = PBXBuildFile; fileRef = 2277A78021C87EB900C77E5D /* main.m */; };
		2277A78C21C87EB900C77E5D /* RevBayesJohnTests.m in Sources */ = {isa = PBXBuildFile; fileRef = 2277A78B21C87EB900C77E5D /* RevBayesJohnTests.m */; };
		2277A79721C87EB900C77E5D /* RevBayesJohnUITests.m in Sources */ = {isa = PBXBuildFile; fileRef = 2277A79621C87EB900C77E5D /* RevBayesJohnUITests.m */; };
/* End PBXBuildFile section */

/* Begin PBXContainerItemProxy section */
		2277A78821C87EB900C77E5D /* PBXContainerItemProxy */ = {
			isa = PBXContainerItemProxy;
			containerPortal = 2277A76321C87EB800C77E5D /* Project object */;
			proxyType = 1;
			remoteGlobalIDString = 2277A76A21C87EB800C77E5D;
			remoteInfo = RevBayesJohn;
		};
		2277A79321C87EB900C77E5D /* PBXContainerItemProxy */ = {
			isa = PBXContainerItemProxy;
			containerPortal = 2277A76321C87EB800C77E5D /* Project object */;
			proxyType = 1;
			remoteGlobalIDString = 2277A76A21C87EB800C77E5D;
			remoteInfo = RevBayesJohn;
		};
/* End PBXContainerItemProxy section */

/* Begin PBXFileReference section */
		2277A76B21C87EB800C77E5D /* RevBayesJohn.app */ = {isa = PBXFileReference; explicitFileType = wrapper.application; includeInIndex = 0; path = RevBayesJohn.app; sourceTree = BUILT_PRODUCTS_DIR; };
		2277A76E21C87EB800C77E5D /* AppDelegate.h */ = {isa = PBXFileReference; lastKnownFileType = sourcecode.c.h; path = AppDelegate.h; sourceTree = "<group>"; };
		2277A76F21C87EB800C77E5D /* AppDelegate.m */ = {isa = PBXFileReference; lastKnownFileType = sourcecode.c.objc; path = AppDelegate.m; sourceTree = "<group>"; };
		2277A77121C87EB800C77E5D /* Document.h */ = {isa = PBXFileReference; lastKnownFileType = sourcecode.c.h; path = Document.h; sourceTree = "<group>"; };
		2277A77221C87EB800C77E5D /* Document.m */ = {isa = PBXFileReference; lastKnownFileType = sourcecode.c.objc; path = Document.m; sourceTree = "<group>"; };
		2277A77521C87EB800C77E5D /* Base */ = {isa = PBXFileReference; lastKnownFileType = file.xib; name = Base; path = Base.lproj/Document.xib; sourceTree = "<group>"; };
		2277A77821C87EB800C77E5D /* Document.xcdatamodel */ = {isa = PBXFileReference; lastKnownFileType = wrapper.xcdatamodel; path = Document.xcdatamodel; sourceTree = "<group>"; };
		2277A77A21C87EB900C77E5D /* Assets.xcassets */ = {isa = PBXFileReference; lastKnownFileType = folder.assetcatalog; path = Assets.xcassets; sourceTree = "<group>"; };
		2277A77D21C87EB900C77E5D /* Base */ = {isa = PBXFileReference; lastKnownFileType = file.xib; name = Base; path = Base.lproj/MainMenu.xib; sourceTree = "<group>"; };
		2277A77F21C87EB900C77E5D /* Info.plist */ = {isa = PBXFileReference; lastKnownFileType = text.plist.xml; path = Info.plist; sourceTree = "<group>"; };
		2277A78021C87EB900C77E5D /* main.m */ = {isa = PBXFileReference; lastKnownFileType = sourcecode.c.objc; path = main.m; sourceTree = "<group>"; };
		2277A78221C87EB900C77E5D /* RevBayesJohn.entitlements */ = {isa = PBXFileReference; lastKnownFileType = text.plist.entitlements; path = RevBayesJohn.entitlements; sourceTree = "<group>"; };
		2277A78721C87EB900C77E5D /* RevBayesJohnTests.xctest */ = {isa = PBXFileReference; explicitFileType = wrapper.cfbundle; includeInIndex = 0; path = RevBayesJohnTests.xctest; sourceTree = BUILT_PRODUCTS_DIR; };
		2277A78B21C87EB900C77E5D /* RevBayesJohnTests.m */ = {isa = PBXFileReference; lastKnownFileType = sourcecode.c.objc; path = RevBayesJohnTests.m; sourceTree = "<group>"; };
		2277A78D21C87EB900C77E5D /* Info.plist */ = {isa = PBXFileReference; lastKnownFileType = text.plist.xml; path = Info.plist; sourceTree = "<group>"; };
		2277A79221C87EB900C77E5D /* RevBayesJohnUITests.xctest */ = {isa = PBXFileReference; explicitFileType = wrapper.cfbundle; includeInIndex = 0; path = RevBayesJohnUITests.xctest; sourceTree = BUILT_PRODUCTS_DIR; };
		2277A79621C87EB900C77E5D /* RevBayesJohnUITests.m */ = {isa = PBXFileReference; lastKnownFileType = sourcecode.c.objc; path = RevBayesJohnUITests.m; sourceTree = "<group>"; };
		2277A79821C87EB900C77E5D /* Info.plist */ = {isa = PBXFileReference; lastKnownFileType = text.plist.xml; path = Info.plist; sourceTree = "<group>"; };
/* End PBXFileReference section */

/* Begin PBXFrameworksBuildPhase section */
		2277A76821C87EB800C77E5D /* Frameworks */ = {
			isa = PBXFrameworksBuildPhase;
			buildActionMask = 2147483647;
			files = (
			);
			runOnlyForDeploymentPostprocessing = 0;
		};
		2277A78421C87EB900C77E5D /* Frameworks */ = {
			isa = PBXFrameworksBuildPhase;
			buildActionMask = 2147483647;
			files = (
			);
			runOnlyForDeploymentPostprocessing = 0;
		};
		2277A78F21C87EB900C77E5D /* Frameworks */ = {
			isa = PBXFrameworksBuildPhase;
			buildActionMask = 2147483647;
			files = (
			);
			runOnlyForDeploymentPostprocessing = 0;
		};
/* End PBXFrameworksBuildPhase section */

/* Begin PBXGroup section */
		2277A76221C87EB800C77E5D = {
			isa = PBXGroup;
			children = (
				2277A76D21C87EB800C77E5D /* RevBayesJohn */,
				2277A78A21C87EB900C77E5D /* RevBayesJohnTests */,
				2277A79521C87EB900C77E5D /* RevBayesJohnUITests */,
				2277A76C21C87EB800C77E5D /* Products */,
			);
			sourceTree = "<group>";
		};
		2277A76C21C87EB800C77E5D /* Products */ = {
			isa = PBXGroup;
			children = (
				2277A76B21C87EB800C77E5D /* RevBayesJohn.app */,
				2277A78721C87EB900C77E5D /* RevBayesJohnTests.xctest */,
				2277A79221C87EB900C77E5D /* RevBayesJohnUITests.xctest */,
			);
			name = Products;
			sourceTree = "<group>";
		};
		2277A76D21C87EB800C77E5D /* RevBayesJohn */ = {
			isa = PBXGroup;
			children = (
				2277A76E21C87EB800C77E5D /* AppDelegate.h */,
				2277A76F21C87EB800C77E5D /* AppDelegate.m */,
				2277A77121C87EB800C77E5D /* Document.h */,
				2277A77221C87EB800C77E5D /* Document.m */,
				2277A77421C87EB800C77E5D /* Document.xib */,
				2277A77A21C87EB900C77E5D /* Assets.xcassets */,
				2277A77C21C87EB900C77E5D /* MainMenu.xib */,
				2277A77F21C87EB900C77E5D /* Info.plist */,
				2277A78021C87EB900C77E5D /* main.m */,
				2277A78221C87EB900C77E5D /* RevBayesJohn.entitlements */,
				2277A77721C87EB800C77E5D /* Document.xcdatamodeld */,
			);
			path = RevBayesJohn;
			sourceTree = "<group>";
		};
		2277A78A21C87EB900C77E5D /* RevBayesJohnTests */ = {
			isa = PBXGroup;
			children = (
				2277A78B21C87EB900C77E5D /* RevBayesJohnTests.m */,
				2277A78D21C87EB900C77E5D /* Info.plist */,
			);
			path = RevBayesJohnTests;
			sourceTree = "<group>";
		};
		2277A79521C87EB900C77E5D /* RevBayesJohnUITests */ = {
			isa = PBXGroup;
			children = (
				2277A79621C87EB900C77E5D /* RevBayesJohnUITests.m */,
				2277A79821C87EB900C77E5D /* Info.plist */,
			);
			path = RevBayesJohnUITests;
			sourceTree = "<group>";
		};
/* End PBXGroup section */

/* Begin PBXNativeTarget section */
		2277A76A21C87EB800C77E5D /* RevBayesJohn */ = {
			isa = PBXNativeTarget;
			buildConfigurationList = 2277A79B21C87EB900C77E5D /* Build configuration list for PBXNativeTarget "RevBayesJohn" */;
			buildPhases = (
				2277A76721C87EB800C77E5D /* Sources */,
				2277A76821C87EB800C77E5D /* Frameworks */,
				2277A76921C87EB800C77E5D /* Resources */,
			);
			buildRules = (
			);
			dependencies = (
			);
			name = RevBayesJohn;
			productName = RevBayesJohn;
			productReference = 2277A76B21C87EB800C77E5D /* RevBayesJohn.app */;
			productType = "com.apple.product-type.application";
		};
		2277A78621C87EB900C77E5D /* RevBayesJohnTests */ = {
			isa = PBXNativeTarget;
			buildConfigurationList = 2277A79E21C87EB900C77E5D /* Build configuration list for PBXNativeTarget "RevBayesJohnTests" */;
			buildPhases = (
				2277A78321C87EB900C77E5D /* Sources */,
				2277A78421C87EB900C77E5D /* Frameworks */,
				2277A78521C87EB900C77E5D /* Resources */,
			);
			buildRules = (
			);
			dependencies = (
				2277A78921C87EB900C77E5D /* PBXTargetDependency */,
			);
			name = RevBayesJohnTests;
			productName = RevBayesJohnTests;
			productReference = 2277A78721C87EB900C77E5D /* RevBayesJohnTests.xctest */;
			productType = "com.apple.product-type.bundle.unit-test";
		};
		2277A79121C87EB900C77E5D /* RevBayesJohnUITests */ = {
			isa = PBXNativeTarget;
			buildConfigurationList = 2277A7A121C87EB900C77E5D /* Build configuration list for PBXNativeTarget "RevBayesJohnUITests" */;
			buildPhases = (
				2277A78E21C87EB900C77E5D /* Sources */,
				2277A78F21C87EB900C77E5D /* Frameworks */,
				2277A79021C87EB900C77E5D /* Resources */,
			);
			buildRules = (
			);
			dependencies = (
				2277A79421C87EB900C77E5D /* PBXTargetDependency */,
			);
			name = RevBayesJohnUITests;
			productName = RevBayesJohnUITests;
			productReference = 2277A79221C87EB900C77E5D /* RevBayesJohnUITests.xctest */;
			productType = "com.apple.product-type.bundle.ui-testing";
		};
/* End PBXNativeTarget section */

/* Begin PBXProject section */
		2277A76321C87EB800C77E5D /* Project object */ = {
			isa = PBXProject;
			attributes = {
				LastUpgradeCheck = 1010;
				ORGANIZATIONNAME = "John Huelsenbeck";
				TargetAttributes = {
					2277A76A21C87EB800C77E5D = {
						CreatedOnToolsVersion = 10.1;
					};
					2277A78621C87EB900C77E5D = {
						CreatedOnToolsVersion = 10.1;
						TestTargetID = 2277A76A21C87EB800C77E5D;
					};
					2277A79121C87EB900C77E5D = {
						CreatedOnToolsVersion = 10.1;
						TestTargetID = 2277A76A21C87EB800C77E5D;
					};
				};
			};
			buildConfigurationList = 2277A76621C87EB800C77E5D /* Build configuration list for PBXProject "RevBayesJohn" */;
			compatibilityVersion = "Xcode 9.3";
			developmentRegion = en;
			hasScannedForEncodings = 0;
			knownRegions = (
				en,
				Base,
			);
			mainGroup = 2277A76221C87EB800C77E5D;
			productRefGroup = 2277A76C21C87EB800C77E5D /* Products */;
			projectDirPath = "";
			projectRoot = "";
			targets = (
				2277A76A21C87EB800C77E5D /* RevBayesJohn */,
				2277A78621C87EB900C77E5D /* RevBayesJohnTests */,
				2277A79121C87EB900C77E5D /* RevBayesJohnUITests */,
			);
		};
/* End PBXProject section */

/* Begin PBXResourcesBuildPhase section */
		2277A76921C87EB800C77E5D /* Resources */ = {
			isa = PBXResourcesBuildPhase;
			buildActionMask = 2147483647;
			files = (
				2277A77B21C87EB900C77E5D /* Assets.xcassets in Resources */,
				2277A77621C87EB800C77E5D /* Document.xib in Resources */,
				2277A77E21C87EB900C77E5D /* MainMenu.xib in Resources */,
			);
			runOnlyForDeploymentPostprocessing = 0;
		};
		2277A78521C87EB900C77E5D /* Resources */ = {
			isa = PBXResourcesBuildPhase;
			buildActionMask = 2147483647;
			files = (
			);
			runOnlyForDeploymentPostprocessing = 0;
		};
		2277A79021C87EB900C77E5D /* Resources */ = {
			isa = PBXResourcesBuildPhase;
			buildActionMask = 2147483647;
			files = (
			);
			runOnlyForDeploymentPostprocessing = 0;
		};
/* End PBXResourcesBuildPhase section */

/* Begin PBXSourcesBuildPhase section */
		2277A76721C87EB800C77E5D /* Sources */ = {
			isa = PBXSourcesBuildPhase;
			buildActionMask = 2147483647;
			files = (
				2277A77921C87EB800C77E5D /* Document.xcdatamodeld in Sources */,
				2277A77321C87EB800C77E5D /* Document.m in Sources */,
				2277A78121C87EB900C77E5D /* main.m in Sources */,
				2277A77021C87EB800C77E5D /* AppDelegate.m in Sources */,
			);
			runOnlyForDeploymentPostprocessing = 0;
		};
		2277A78321C87EB900C77E5D /* Sources */ = {
			isa = PBXSourcesBuildPhase;
			buildActionMask = 2147483647;
			files = (
				2277A78C21C87EB900C77E5D /* RevBayesJohnTests.m in Sources */,
			);
			runOnlyForDeploymentPostprocessing = 0;
		};
		2277A78E21C87EB900C77E5D /* Sources */ = {
			isa = PBXSourcesBuildPhase;
			buildActionMask = 2147483647;
			files = (
				2277A79721C87EB900C77E5D /* RevBayesJohnUITests.m in Sources */,
			);
			runOnlyForDeploymentPostprocessing = 0;
		};
/* End PBXSourcesBuildPhase section */

/* Begin PBXTargetDependency section */
		2277A78921C87EB900C77E5D /* PBXTargetDependency */ = {
			isa = PBXTargetDependency;
			target = 2277A76A21C87EB800C77E5D /* RevBayesJohn */;
			targetProxy = 2277A78821C87EB900C77E5D /* PBXContainerItemProxy */;
		};
		2277A79421C87EB900C77E5D /* PBXTargetDependency */ = {
			isa = PBXTargetDependency;
			target = 2277A76A21C87EB800C77E5D /* RevBayesJohn */;
			targetProxy = 2277A79321C87EB900C77E5D /* PBXContainerItemProxy */;
		};
/* End PBXTargetDependency section */

/* Begin PBXVariantGroup section */
		2277A77421C87EB800C77E5D /* Document.xib */ = {
			isa = PBXVariantGroup;
			children = (
				2277A77521C87EB800C77E5D /* Base */,
			);
			name = Document.xib;
			sourceTree = "<group>";
		};
		2277A77C21C87EB900C77E5D /* MainMenu.xib */ = {
			isa = PBXVariantGroup;
			children = (
				2277A77D21C87EB900C77E5D /* Base */,
			);
			name = MainMenu.xib;
			sourceTree = "<group>";
		};
/* End PBXVariantGroup section */

/* Begin XCBuildConfiguration section */
		2277A79921C87EB900C77E5D /* Debug */ = {
			isa = XCBuildConfiguration;
			buildSettings = {
				ALWAYS_SEARCH_USER_PATHS = NO;
				CLANG_ANALYZER_NONNULL = YES;
				CLANG_ANALYZER_NUMBER_OBJECT_CONVERSION = YES_AGGRESSIVE;
				CLANG_CXX_LANGUAGE_STANDARD = "gnu++14";
				CLANG_CXX_LIBRARY = "libc++";
				CLANG_ENABLE_MODULES = YES;
				CLANG_ENABLE_OBJC_ARC = YES;
				CLANG_ENABLE_OBJC_WEAK = YES;
				CLANG_WARN_BLOCK_CAPTURE_AUTORELEASING = YES;
				CLANG_WARN_BOOL_CONVERSION = YES;
				CLANG_WARN_COMMA = YES;
				CLANG_WARN_CONSTANT_CONVERSION = YES;
				CLANG_WARN_DEPRECATED_OBJC_IMPLEMENTATIONS = YES;
				CLANG_WARN_DIRECT_OBJC_ISA_USAGE = YES_ERROR;
				CLANG_WARN_DOCUMENTATION_COMMENTS = YES;
				CLANG_WARN_EMPTY_BODY = YES;
				CLANG_WARN_ENUM_CONVERSION = YES;
				CLANG_WARN_INFINITE_RECURSION = YES;
				CLANG_WARN_INT_CONVERSION = YES;
				CLANG_WARN_NON_LITERAL_NULL_CONVERSION = YES;
				CLANG_WARN_OBJC_IMPLICIT_RETAIN_SELF = YES;
				CLANG_WARN_OBJC_LITERAL_CONVERSION = YES;
				CLANG_WARN_OBJC_ROOT_CLASS = YES_ERROR;
				CLANG_WARN_RANGE_LOOP_ANALYSIS = YES;
				CLANG_WARN_STRICT_PROTOTYPES = YES;
				CLANG_WARN_SUSPICIOUS_MOVE = YES;
				CLANG_WARN_UNGUARDED_AVAILABILITY = YES_AGGRESSIVE;
				CLANG_WARN_UNREACHABLE_CODE = YES;
				CLANG_WARN__DUPLICATE_METHOD_MATCH = YES;
				CODE_SIGN_IDENTITY = "-";
				COPY_PHASE_STRIP = NO;
				DEBUG_INFORMATION_FORMAT = dwarf;
				ENABLE_STRICT_OBJC_MSGSEND = YES;
				ENABLE_TESTABILITY = YES;
				GCC_C_LANGUAGE_STANDARD = gnu11;
				GCC_DYNAMIC_NO_PIC = NO;
				GCC_NO_COMMON_BLOCKS = YES;
				GCC_OPTIMIZATION_LEVEL = 0;
				GCC_PREPROCESSOR_DEFINITIONS = (
					"DEBUG=1",
					"$(inherited)",
				);
				GCC_WARN_64_TO_32_BIT_CONVERSION = YES;
				GCC_WARN_ABOUT_RETURN_TYPE = YES_ERROR;
				GCC_WARN_UNDECLARED_SELECTOR = YES;
				GCC_WARN_UNINITIALIZED_AUTOS = YES_AGGRESSIVE;
				GCC_WARN_UNUSED_FUNCTION = YES;
				GCC_WARN_UNUSED_VARIABLE = YES;
				MACOSX_DEPLOYMENT_TARGET = 10.14;
				MTL_ENABLE_DEBUG_INFO = INCLUDE_SOURCE;
				MTL_FAST_MATH = YES;
				ONLY_ACTIVE_ARCH = YES;
				SDKROOT = macosx;
			};
			name = Debug;
		};
		2277A79A21C87EB900C77E5D /* Release */ = {
			isa = XCBuildConfiguration;
			buildSettings = {
				ALWAYS_SEARCH_USER_PATHS = NO;
				CLANG_ANALYZER_NONNULL = YES;
				CLANG_ANALYZER_NUMBER_OBJECT_CONVERSION = YES_AGGRESSIVE;
				CLANG_CXX_LANGUAGE_STANDARD = "gnu++14";
				CLANG_CXX_LIBRARY = "libc++";
				CLANG_ENABLE_MODULES = YES;
				CLANG_ENABLE_OBJC_ARC = YES;
				CLANG_ENABLE_OBJC_WEAK = YES;
				CLANG_WARN_BLOCK_CAPTURE_AUTORELEASING = YES;
				CLANG_WARN_BOOL_CONVERSION = YES;
				CLANG_WARN_COMMA = YES;
				CLANG_WARN_CONSTANT_CONVERSION = YES;
				CLANG_WARN_DEPRECATED_OBJC_IMPLEMENTATIONS = YES;
				CLANG_WARN_DIRECT_OBJC_ISA_USAGE = YES_ERROR;
				CLANG_WARN_DOCUMENTATION_COMMENTS = YES;
				CLANG_WARN_EMPTY_BODY = YES;
				CLANG_WARN_ENUM_CONVERSION = YES;
				CLANG_WARN_INFINITE_RECURSION = YES;
				CLANG_WARN_INT_CONVERSION = YES;
				CLANG_WARN_NON_LITERAL_NULL_CONVERSION = YES;
				CLANG_WARN_OBJC_IMPLICIT_RETAIN_SELF = YES;
				CLANG_WARN_OBJC_LITERAL_CONVERSION = YES;
				CLANG_WARN_OBJC_ROOT_CLASS = YES_ERROR;
				CLANG_WARN_RANGE_LOOP_ANALYSIS = YES;
				CLANG_WARN_STRICT_PROTOTYPES = YES;
				CLANG_WARN_SUSPICIOUS_MOVE = YES;
				CLANG_WARN_UNGUARDED_AVAILABILITY = YES_AGGRESSIVE;
				CLANG_WARN_UNREACHABLE_CODE = YES;
				CLANG_WARN__DUPLICATE_METHOD_MATCH = YES;
				CODE_SIGN_IDENTITY = "-";
				COPY_PHASE_STRIP = NO;
				DEBUG_INFORMATION_FORMAT = "dwarf-with-dsym";
				ENABLE_NS_ASSERTIONS = NO;
				ENABLE_STRICT_OBJC_MSGSEND = YES;
				GCC_C_LANGUAGE_STANDARD = gnu11;
				GCC_NO_COMMON_BLOCKS = YES;
				GCC_WARN_64_TO_32_BIT_CONVERSION = YES;
				GCC_WARN_ABOUT_RETURN_TYPE = YES_ERROR;
				GCC_WARN_UNDECLARED_SELECTOR = YES;
				GCC_WARN_UNINITIALIZED_AUTOS = YES_AGGRESSIVE;
				GCC_WARN_UNUSED_FUNCTION = YES;
				GCC_WARN_UNUSED_VARIABLE = YES;
				MACOSX_DEPLOYMENT_TARGET = 10.14;
				MTL_ENABLE_DEBUG_INFO = NO;
				MTL_FAST_MATH = YES;
				SDKROOT = macosx;
			};
			name = Release;
		};
		2277A79C21C87EB900C77E5D /* Debug */ = {
			isa = XCBuildConfiguration;
			buildSettings = {
				ASSETCATALOG_COMPILER_APPICON_NAME = AppIcon;
				CODE_SIGN_ENTITLEMENTS = RevBayesJohn/RevBayesJohn.entitlements;
				CODE_SIGN_STYLE = Automatic;
				COMBINE_HIDPI_IMAGES = YES;
				INFOPLIST_FILE = RevBayesJohn/Info.plist;
				LD_RUNPATH_SEARCH_PATHS = (
					"$(inherited)",
					"@executable_path/../Frameworks",
				);
				PRODUCT_BUNDLE_IDENTIFIER = "UC-Berkeley.RevBayesJohn";
				PRODUCT_NAME = "$(TARGET_NAME)";
			};
			name = Debug;
		};
		2277A79D21C87EB900C77E5D /* Release */ = {
			isa = XCBuildConfiguration;
			buildSettings = {
				ASSETCATALOG_COMPILER_APPICON_NAME = AppIcon;
				CODE_SIGN_ENTITLEMENTS = RevBayesJohn/RevBayesJohn.entitlements;
				CODE_SIGN_STYLE = Automatic;
				COMBINE_HIDPI_IMAGES = YES;
				INFOPLIST_FILE = RevBayesJohn/Info.plist;
				LD_RUNPATH_SEARCH_PATHS = (
					"$(inherited)",
					"@executable_path/../Frameworks",
				);
				PRODUCT_BUNDLE_IDENTIFIER = "UC-Berkeley.RevBayesJohn";
				PRODUCT_NAME = "$(TARGET_NAME)";
			};
			name = Release;
		};
		2277A79F21C87EB900C77E5D /* Debug */ = {
			isa = XCBuildConfiguration;
			buildSettings = {
				BUNDLE_LOADER = "$(TEST_HOST)";
				CODE_SIGN_STYLE = Automatic;
				COMBINE_HIDPI_IMAGES = YES;
				INFOPLIST_FILE = RevBayesJohnTests/Info.plist;
				LD_RUNPATH_SEARCH_PATHS = (
					"$(inherited)",
					"@executable_path/../Frameworks",
					"@loader_path/../Frameworks",
				);
				PRODUCT_BUNDLE_IDENTIFIER = "UC-Berkeley.RevBayesJohnTests";
				PRODUCT_NAME = "$(TARGET_NAME)";
				TEST_HOST = "$(BUILT_PRODUCTS_DIR)/RevBayesJohn.app/Contents/MacOS/RevBayesJohn";
			};
			name = Debug;
		};
		2277A7A021C87EB900C77E5D /* Release */ = {
			isa = XCBuildConfiguration;
			buildSettings = {
				BUNDLE_LOADER = "$(TEST_HOST)";
				CODE_SIGN_STYLE = Automatic;
				COMBINE_HIDPI_IMAGES = YES;
				INFOPLIST_FILE = RevBayesJohnTests/Info.plist;
				LD_RUNPATH_SEARCH_PATHS = (
					"$(inherited)",
					"@executable_path/../Frameworks",
					"@loader_path/../Frameworks",
				);
				PRODUCT_BUNDLE_IDENTIFIER = "UC-Berkeley.RevBayesJohnTests";
				PRODUCT_NAME = "$(TARGET_NAME)";
				TEST_HOST = "$(BUILT_PRODUCTS_DIR)/RevBayesJohn.app/Contents/MacOS/RevBayesJohn";
			};
			name = Release;
		};
		2277A7A221C87EB900C77E5D /* Debug */ = {
			isa = XCBuildConfiguration;
			buildSettings = {
				CODE_SIGN_STYLE = Automatic;
				COMBINE_HIDPI_IMAGES = YES;
				INFOPLIST_FILE = RevBayesJohnUITests/Info.plist;
				LD_RUNPATH_SEARCH_PATHS = (
					"$(inherited)",
					"@executable_path/../Frameworks",
					"@loader_path/../Frameworks",
				);
				PRODUCT_BUNDLE_IDENTIFIER = "UC-Berkeley.RevBayesJohnUITests";
				PRODUCT_NAME = "$(TARGET_NAME)";
				TEST_TARGET_NAME = RevBayesJohn;
			};
			name = Debug;
		};
		2277A7A321C87EB900C77E5D /* Release */ = {
			isa = XCBuildConfiguration;
			buildSettings = {
				CODE_SIGN_STYLE = Automatic;
				COMBINE_HIDPI_IMAGES = YES;
				INFOPLIST_FILE = RevBayesJohnUITests/Info.plist;
				LD_RUNPATH_SEARCH_PATHS = (
					"$(inherited)",
					"@executable_path/../Frameworks",
					"@loader_path/../Frameworks",
				);
				PRODUCT_BUNDLE_IDENTIFIER = "UC-Berkeley.RevBayesJohnUITests";
				PRODUCT_NAME = "$(TARGET_NAME)";
				TEST_TARGET_NAME = RevBayesJohn;
			};
			name = Release;
		};
/* End XCBuildConfiguration section */

/* Begin XCConfigurationList section */
		2277A76621C87EB800C77E5D /* Build configuration list for PBXProject "RevBayesJohn" */ = {
			isa = XCConfigurationList;
			buildConfigurations = (
				2277A79921C87EB900C77E5D /* Debug */,
				2277A79A21C87EB900C77E5D /* Release */,
			);
			defaultConfigurationIsVisible = 0;
			defaultConfigurationName = Release;
		};
		2277A79B21C87EB900C77E5D /* Build configuration list for PBXNativeTarget "RevBayesJohn" */ = {
			isa = XCConfigurationList;
			buildConfigurations = (
				2277A79C21C87EB900C77E5D /* Debug */,
				2277A79D21C87EB900C77E5D /* Release */,
			);
			defaultConfigurationIsVisible = 0;
			defaultConfigurationName = Release;
		};
		2277A79E21C87EB900C77E5D /* Build configuration list for PBXNativeTarget "RevBayesJohnTests" */ = {
			isa = XCConfigurationList;
			buildConfigurations = (
				2277A79F21C87EB900C77E5D /* Debug */,
				2277A7A021C87EB900C77E5D /* Release */,
			);
			defaultConfigurationIsVisible = 0;
			defaultConfigurationName = Release;
		};
		2277A7A121C87EB900C77E5D /* Build configuration list for PBXNativeTarget "RevBayesJohnUITests" */ = {
			isa = XCConfigurationList;
			buildConfigurations = (
				2277A7A221C87EB900C77E5D /* Debug */,
				2277A7A321C87EB900C77E5D /* Release */,
			);
			defaultConfigurationIsVisible = 0;
			defaultConfigurationName = Release;
		};
/* End XCConfigurationList section */

/* Begin XCVersionGroup section */
		2277A77721C87EB800C77E5D /* Document.xcdatamodeld */ = {
			isa = XCVersionGroup;
			children = (
				2277A77821C87EB800C77E5D /* Document.xcdatamodel */,
			);
			currentVersion = 2277A77821C87EB800C77E5D /* Document.xcdatamodel */;
			path = Document.xcdatamodeld;
			sourceTree = "<group>";
			versionGroupType = wrapper.xcdatamodel;
		};
/* End XCVersionGroup section */
	};
	rootObject = 2277A76321C87EB800C77E5D /* Project object */;
}
